
Microsoft Visual Studio Solution File, Format Version 12.00
# Visual Studio Version 17
VisualStudioVersion = 17.1.32104.313
MinimumVisualStudioVersion = 10.0.40219.1
Project("{FAE04EC0-301F-11D3-BF4B-00C04F79EFBC}") = "ImageConverterWebApi", "ImageConverterWebApi\ImageConverterWebApi.csproj", "{C38ED12E-E561-4457-9903-A8DFA0878A68}"
EndProject
Project("{2150E333-8FDC-42A3-9474-1A3956D46DE8}") = "Solution Items", "Solution Items", "{9D2889FE-CB86-481C-843A-E17BA11BBE33}"
	ProjectSection(SolutionItems) = preProject
		..\GrandSmeta\.editorconfig = ..\GrandSmeta\.editorconfig
	EndProjectSection
EndProject
Global
	GlobalSection(SolutionConfigurationPlatforms) = preSolution
		Debug|Any CPU = Debug|Any CPU
		Release|Any CPU = Release|Any CPU
	EndGlobalSection
	GlobalSection(ProjectConfigurationPlatforms) = postSolution
		{C38ED12E-E561-4457-9903-A8DFA0878A68}.Debug|Any CPU.ActiveCfg = Debug|Any CPU
		{C38ED12E-E561-4457-9903-A8DFA0878A68}.Debug|Any CPU.Build.0 = Debug|Any CPU
		{C38ED12E-E561-4457-9903-A8DFA0878A68}.Release|Any CPU.ActiveCfg = Release|Any CPU
		{C38ED12E-E561-4457-9903-A8DFA0878A68}.Release|Any CPU.Build.0 = Release|Any CPU
	EndGlobalSection
	GlobalSection(SolutionProperties) = preSolution
		HideSolutionNode = FALSE
	EndGlobalSection
	GlobalSection(ExtensibilityGlobals) = postSolution
		SolutionGuid = {F96C3F5F-F3AA-413A-A96C-C5BCD93A2EFA}
	EndGlobalSection
EndGlobal
